
Microsoft Visual Studio Solution File, Format Version 12.00
# Visual Studio 2012
Project("{FAE04EC0-301F-11D3-BF4B-00C04F79EFBC}") = "iqt-teamcity-test", "iqt-teamcity-test\iqt-teamcity-test.csproj", "{BDE5A998-227C-4718-89A1-0BCAB6F6C74D}"
EndProject
Project("{FAE04EC0-301F-11D3-BF4B-00C04F79EFBC}") = "iqt-teamcity-test.Test", "iqt-teamcity-test.Test\iqt-teamcity-test.Test.csproj", "{FC5DC442-F92B-4E67-963E-AF56755797FD}"
EndProject
Global
	GlobalSection(SolutionConfigurationPlatforms) = preSolution
		Debug|Any CPU = Debug|Any CPU
		Release|Any CPU = Release|Any CPU
	EndGlobalSection
	GlobalSection(ProjectConfigurationPlatforms) = postSolution
		{BDE5A998-227C-4718-89A1-0BCAB6F6C74D}.Debug|Any CPU.ActiveCfg = Debug|Any CPU
		{BDE5A998-227C-4718-89A1-0BCAB6F6C74D}.Debug|Any CPU.Build.0 = Debug|Any CPU
		{BDE5A998-227C-4718-89A1-0BCAB6F6C74D}.Release|Any CPU.ActiveCfg = Release|Any CPU
		{BDE5A998-227C-4718-89A1-0BCAB6F6C74D}.Release|Any CPU.Build.0 = Release|Any CPU
		{FC5DC442-F92B-4E67-963E-AF56755797FD}.Debug|Any CPU.ActiveCfg = Debug|Any CPU
		{FC5DC442-F92B-4E67-963E-AF56755797FD}.Debug|Any CPU.Build.0 = Debug|Any CPU
		{FC5DC442-F92B-4E67-963E-AF56755797FD}.Release|Any CPU.ActiveCfg = Release|Any CPU
		{FC5DC442-F92B-4E67-963E-AF56755797FD}.Release|Any CPU.Build.0 = Release|Any CPU
	EndGlobalSection
	GlobalSection(SolutionProperties) = preSolution
		HideSolutionNode = FALSE
	EndGlobalSection
EndGlobal
